{
  "name": "timestamp-microservice",
  "version": "0.0.1",
  "lockfileVersion": 2,
  "requires": true,
  "dependencies": {
    "cors": {
      "version": "2.8.5",
      "resolved": "https://registry.npmjs.org/cors/-/cors-2.8.5.tgz",
      "integrity": "sha512-kjMoeiTOuNXGe0ZBzZHhYr5hhzIHcD6hzfzC7BdWB7jwgsYS1aL7gphwPz7o9W9B+Zf6gtnxYoBfd3X7ON8gHw==",
      "engines": {
        "node": ">= 0.6.0"
      }
    },
    "express": {
      "version": "4.18.2",
      "resolved": "https://registry.npmjs.org/express/-/express-4.18.2.tgz",
      "integrity": "sha512-pz2BGHNE1xlqHf6hOqH4Or1zT03gLfiGiXEjv9ohD+gxgDJ6gq5osI1g2t8zYXzMJ43PyG8P6IHam35ctuAzjQ==",
      "engines": {
        "node": ">= 0.10.0"
      },
      "dependencies": {
        "accepts": {
          "version": "1.3.8",
          "resolved": "https://registry.npmjs.org/accepts/-/accepts-1.3.8.tgz",
          "integrity": "sha512-Lt5m9bA7N4gB0Jl4hEjJ0XhBcbkbi1V23JAk4fBeI1UtODzP2yT7paC6j4lWmyRejmOVY92IlNlQnD2zD9a5RA==",
          "engines": {
            "node": ">= 0.10.0"
          },
          "dev": true
        },
        "body-parser": {
          "version": "1.20.2",
          "resolved": "https://registry.npmjs.org/body-parser/-/body-parser-1.20.2.tgz",
          "integrity": "sha512-KfzNBwVKjD97fZtW4aYhAlvIdrXykgOhyk0NO1ceS6cVplwVE6uXzD7j1PAuDrssB/3fof7Tw3n83zMKjmF1gg==",
          "engines": {
            "node": ">= 0.10.0"
          },
          "dev": true
        },
        "debug": {
          "version": "4.3.4",
          "resolved": "https://registry.npmjs.org/debug/-/debug-4.3.4.tgz",
          "integrity": "sha512-kgBYeZfeQy60YYryI7TxAdyWm0ifqQ6ck0Dp4dxF3ywzqb9Mwse1PvFv6q6v0MnVwLF5IsG1oOUnGT1iT0e9zA==",
          "engines": {
            "node": ">= 0.10.0"
          },
          "dev": true
        },
        "depd": {
          "version": "2.0.0",
          "resolved": "https://registry.npmjs.org/depd/-/depd-2.0.0.tgz",
          "integrity": "sha512-BgwkT9hbROoywJmPT3RMyKg85dQQFympQtHrtSZvbxG2mnylb+TIHk0ZnHdd8Vm1GHrkHqz2dM82q7yffgQdPQ==",
          "engines": {
            "node": ">= 0.10.0"
          }
        },
        "escape-html": {
          "version": "1.0.3",
          "resolved": "https://registry.npmjs.org/escape-html/-/escape-html-1.0.3.tgz",
          "integrity": "sha512-82JekgdsquLfUkwOwswCxA8b7xVgVqj7fWLKifgm2HqFwMKpJdTwY83XyF66vV5YOasQQ0JahhhQmyh6tnP1pg==",
          "engines": {
            "node": ">= 0.10.0"
          }
        },
        "finalhandler": {
          "version": "1.2.1",
          "resolved": "https://registry.npmjs.org/finalhandler/-/finalhandler-1.2.1.tgz",
          "integrity": "sha512-Xt8ptAofwR8Zh0I59wYhAwyAKflV06nYMN6J0wzLxJ4gWXh0I1oCO57x+Ufoy7RlqppMZRAiqlnznK0qntk42g==",
          "engines": {
            "node": ">= 0.10.0"
          }
        },
        "forwarded": {
          "version": "0.2.0",
          "resolved": "https://registry.npmjs.org/forwarded/-/forwarded-0.2.0.tgz",
          "integrity": "sha512-gzQvw2OZqyyG7z9Erg43LlV2C3Ym8L6sDLJNT+E9fr3QmTK+2oQzv69ymC7kDovh1+IUGbKFiWrl0n2VfMZlWw==",
          "engines": {
            "node": ">= 0.10.0"
          }
        },
        "http-errors": {
          "version": "1.8.0",
          "resolved": "https://registry.npmjs.org/http-errors/-/http-errors-1.8.0.tgz",
          "integrity": "sha512-xWzQ/ck3AeMf9oI75eOwLg+f8B2j/e9jIuLRuF1osPmb1eHhCRdspnb0Wc6RS7ZgAkK6BTh1NYzFZjck4tWfrg==",
          "engines": {
            "node": ">= 0.10.0"
          }
        },
        "mime": {
          "version": "1.6.0",
          "resolved": "https://registry.npmjs.org/mime/-/mime-1.6.0.tgz",
          "integrity": "sha512-r4l+xKlOZocA2sXP8dP5ApbCSWgbLmn4omgn1h7yaP4u7Q6hpkBbWXq61gFQ52eZdyk2tm7Lxb8zZqZrrUS7cg==",
          "engines": {
            "node": ">= 0.10.0"
          }
        },
        "path-to-regexp": {
          "version": "6.2.1",
          "resolved": "https://registry.npmjs.org/path-to-regexp/-/path-to-regexp-6.2.1.tgz",
          "integrity": "sha512-XYwvcncpxGb3lYvgnK0eW0OCB6wTt+K3OqHMEHpXJ9eRKL0ZGdV6aZG4LzHgUUm4lOvo8G5m5F5wDKl4gQF6Q==",
          "engines": {
            "node": ">= 0.10.0"
          }
        },
        "proxy-addr": {
          "version": "2.0.7",
          "resolved": "https://registry.npmjs.org/proxy-addr/-/proxy-addr-2.0.7.tgz",
          "integrity": "sha512-xo6kdcmzDr3jWrYwymvWx9k9ON8sdSxL3nre4KL4OYOM57U16xsfE04ZJjKl4g1hjCOmvd83sqym9ulIt5TY0g==",
          "engines": {
            "node": ">= 0.10.0"
          }
        },
        "qs": {
          "version": "6.11.0",
          "resolved": "https://registry.npmjs.org/qs/-/qs-6.11.0.tgz",
          "integrity": "sha512-szPQmhgFzj8g/h7nmx93F94xl7ry7tAPt76sJ4HpwmiVVam5hSMOXVtFZy6y5aqHtSjd56IHnHpi8jCkvBh4fA==",
          "engines": {
            "node": ">= 0.10.0"
          }
        },
        "safe-buffer": {
          "version": "5.2.1",
          "resolved": "https://registry.npmjs.org/safe-buffer/-/safe-buffer-5.2.1.tgz",
          "integrity": "sha512-V+fbGhDo6yWlrTHXtFS4HOSsy5xT5A7Zsw6DaIBv2eGnLloJKP/hxJtdDkV4l8be8rM9SvlhsiZnRZPO7tS2cqg==",
          "engines": {
            "node": ">= 0.10.0"
          }
        },
        "type-is": {
          "version": "1.6.18",
          "resolved": "https://registry.npmjs.org/type-is/-/type-is-1.6.18.tgz",
          "integrity": "sha512-h6qEqhHbggqXkweYbUwVZSHmleMjmbFgQQVvDPjdmq2lTbLWnmcclT69zm03mYfrbOymIFuWIeoy8L2pQ1u4fQ==",
          "engines": {
            "node": ">= 0.10.0"
          }
        }
      }
    }
  }
}
